
Microsoft Visual Studio Solution File, Format Version 12.00
# Visual Studio Version 16
VisualStudioVersion = 16.6.30114.105
MinimumVisualStudioVersion = 10.0.40219.1
Project("{FAE04EC0-301F-11D3-BF4B-00C04F79EFBC}") = "ProEventos.API", "ProEventos.API\ProEventos.API.csproj", "{56BC561C-53A4-4960-B567-85943177EBE7}"
EndProject
Project("{FAE04EC0-301F-11D3-BF4B-00C04F79EFBC}") = "ProEventos.Application", "ProEventos.Application\ProEventos.Application.csproj", "{941A761C-78B9-4269-A0F5-7688FD920814}"
EndProject
Project("{FAE04EC0-301F-11D3-BF4B-00C04F79EFBC}") = "ProEventos.Domain", "ProEventos.Domain\ProEventos.Domain.csproj", "{18405AF0-A1A2-4375-A810-155EF6D6D5E2}"
EndProject
Project("{FAE04EC0-301F-11D3-BF4B-00C04F79EFBC}") = "ProEventos.Persistence", "ProEventos.Persistence\ProEventos.Persistence.csproj", "{499EA279-88CF-4858-96D4-687D2CB0E330}"
EndProject
Global
	GlobalSection(SolutionConfigurationPlatforms) = preSolution
		Debug|Any CPU = Debug|Any CPU
		Debug|x64 = Debug|x64
		Debug|x86 = Debug|x86
		Release|Any CPU = Release|Any CPU
		Release|x64 = Release|x64
		Release|x86 = Release|x86
	EndGlobalSection
	GlobalSection(SolutionProperties) = preSolution
		HideSolutionNode = FALSE
	EndGlobalSection
	GlobalSection(ProjectConfigurationPlatforms) = postSolution
		{56BC561C-53A4-4960-B567-85943177EBE7}.Debug|Any CPU.ActiveCfg = Debug|Any CPU
		{56BC561C-53A4-4960-B567-85943177EBE7}.Debug|Any CPU.Build.0 = Debug|Any CPU
		{56BC561C-53A4-4960-B567-85943177EBE7}.Debug|x64.ActiveCfg = Debug|Any CPU
		{56BC561C-53A4-4960-B567-85943177EBE7}.Debug|x64.Build.0 = Debug|Any CPU
		{56BC561C-53A4-4960-B567-85943177EBE7}.Debug|x86.ActiveCfg = Debug|Any CPU
		{56BC561C-53A4-4960-B567-85943177EBE7}.Debug|x86.Build.0 = Debug|Any CPU
		{56BC561C-53A4-4960-B567-85943177EBE7}.Release|Any CPU.ActiveCfg = Release|Any CPU
		{56BC561C-53A4-4960-B567-85943177EBE7}.Release|Any CPU.Build.0 = Release|Any CPU
		{56BC561C-53A4-4960-B567-85943177EBE7}.Release|x64.ActiveCfg = Release|Any CPU
		{56BC561C-53A4-4960-B567-85943177EBE7}.Release|x64.Build.0 = Release|Any CPU
		{56BC561C-53A4-4960-B567-85943177EBE7}.Release|x86.ActiveCfg = Release|Any CPU
		{56BC561C-53A4-4960-B567-85943177EBE7}.Release|x86.Build.0 = Release|Any CPU
		{941A761C-78B9-4269-A0F5-7688FD920814}.Debug|Any CPU.ActiveCfg = Debug|Any CPU
		{941A761C-78B9-4269-A0F5-7688FD920814}.Debug|Any CPU.Build.0 = Debug|Any CPU
		{941A761C-78B9-4269-A0F5-7688FD920814}.Debug|x64.ActiveCfg = Debug|Any CPU
		{941A761C-78B9-4269-A0F5-7688FD920814}.Debug|x64.Build.0 = Debug|Any CPU
		{941A761C-78B9-4269-A0F5-7688FD920814}.Debug|x86.ActiveCfg = Debug|Any CPU
		{941A761C-78B9-4269-A0F5-7688FD920814}.Debug|x86.Build.0 = Debug|Any CPU
		{941A761C-78B9-4269-A0F5-7688FD920814}.Release|Any CPU.ActiveCfg = Release|Any CPU
		{941A761C-78B9-4269-A0F5-7688FD920814}.Release|Any CPU.Build.0 = Release|Any CPU
		{941A761C-78B9-4269-A0F5-7688FD920814}.Release|x64.ActiveCfg = Release|Any CPU
		{941A761C-78B9-4269-A0F5-7688FD920814}.Release|x64.Build.0 = Release|Any CPU
		{941A761C-78B9-4269-A0F5-7688FD920814}.Release|x86.ActiveCfg = Release|Any CPU
		{941A761C-78B9-4269-A0F5-7688FD920814}.Release|x86.Build.0 = Release|Any CPU
		{18405AF0-A1A2-4375-A810-155EF6D6D5E2}.Debug|Any CPU.ActiveCfg = Debug|Any CPU
		{18405AF0-A1A2-4375-A810-155EF6D6D5E2}.Debug|Any CPU.Build.0 = Debug|Any CPU
		{18405AF0-A1A2-4375-A810-155EF6D6D5E2}.Debug|x64.ActiveCfg = Debug|Any CPU
		{18405AF0-A1A2-4375-A810-155EF6D6D5E2}.Debug|x64.Build.0 = Debug|Any CPU
		{18405AF0-A1A2-4375-A810-155EF6D6D5E2}.Debug|x86.ActiveCfg = Debug|Any CPU
		{18405AF0-A1A2-4375-A810-155EF6D6D5E2}.Debug|x86.Build.0 = Debug|Any CPU
		{18405AF0-A1A2-4375-A810-155EF6D6D5E2}.Release|Any CPU.ActiveCfg = Release|Any CPU
		{18405AF0-A1A2-4375-A810-155EF6D6D5E2}.Release|Any CPU.Build.0 = Release|Any CPU
		{18405AF0-A1A2-4375-A810-155EF6D6D5E2}.Release|x64.ActiveCfg = Release|Any CPU
		{18405AF0-A1A2-4375-A810-155EF6D6D5E2}.Release|x64.Build.0 = Release|Any CPU
		{18405AF0-A1A2-4375-A810-155EF6D6D5E2}.Release|x86.ActiveCfg = Release|Any CPU
		{18405AF0-A1A2-4375-A810-155EF6D6D5E2}.Release|x86.Build.0 = Release|Any CPU
		{499EA279-88CF-4858-96D4-687D2CB0E330}.Debug|Any CPU.ActiveCfg = Debug|Any CPU
		{499EA279-88CF-4858-96D4-687D2CB0E330}.Debug|Any CPU.Build.0 = Debug|Any CPU
		{499EA279-88CF-4858-96D4-687D2CB0E330}.Debug|x64.ActiveCfg = Debug|Any CPU
		{499EA279-88CF-4858-96D4-687D2CB0E330}.Debug|x64.Build.0 = Debug|Any CPU
		{499EA279-88CF-4858-96D4-687D2CB0E330}.Debug|x86.ActiveCfg = Debug|Any CPU
		{499EA279-88CF-4858-96D4-687D2CB0E330}.Debug|x86.Build.0 = Debug|Any CPU
		{499EA279-88CF-4858-96D4-687D2CB0E330}.Release|Any CPU.ActiveCfg = Release|Any CPU
		{499EA279-88CF-4858-96D4-687D2CB0E330}.Release|Any CPU.Build.0 = Release|Any CPU
		{499EA279-88CF-4858-96D4-687D2CB0E330}.Release|x64.ActiveCfg = Release|Any CPU
		{499EA279-88CF-4858-96D4-687D2CB0E330}.Release|x64.Build.0 = Release|Any CPU
		{499EA279-88CF-4858-96D4-687D2CB0E330}.Release|x86.ActiveCfg = Release|Any CPU
		{499EA279-88CF-4858-96D4-687D2CB0E330}.Release|x86.Build.0 = Release|Any CPU
	EndGlobalSection
EndGlobal
